
Microsoft Visual Studio Solution File, Format Version 12.00
Project("{FAE04EC0-301F-11D3-BF4B-00C04F79EFBC}") = "Share", "Share\Share.csproj", "{08A256C8-434B-4667-B8D2-B72ECF0CCBB9}"
EndProject
Project("{FAE04EC0-301F-11D3-BF4B-00C04F79EFBC}") = "View", "View\View.csproj", "{17004285-4088-427A-BCC9-C1638B087961}"
EndProject
Project("{FAE04EC0-301F-11D3-BF4B-00C04F79EFBC}") = "Hotfix", "Hotfix\Hotfix.csproj", "{7F6AE2F0-E6A9-4453-8C99-CEF50C68618E}"
EndProject
Global
	GlobalSection(SolutionConfigurationPlatforms) = preSolution
		Debug|Any CPU = Debug|Any CPU
		Release|Any CPU = Release|Any CPU
	EndGlobalSection
	GlobalSection(ProjectConfigurationPlatforms) = postSolution
		{08A256C8-434B-4667-B8D2-B72ECF0CCBB9}.Debug|Any CPU.ActiveCfg = Debug|Any CPU
		{08A256C8-434B-4667-B8D2-B72ECF0CCBB9}.Debug|Any CPU.Build.0 = Debug|Any CPU
		{08A256C8-434B-4667-B8D2-B72ECF0CCBB9}.Release|Any CPU.ActiveCfg = Release|Any CPU
		{08A256C8-434B-4667-B8D2-B72ECF0CCBB9}.Release|Any CPU.Build.0 = Release|Any CPU
		{17004285-4088-427A-BCC9-C1638B087961}.Debug|Any CPU.ActiveCfg = Debug|Any CPU
		{17004285-4088-427A-BCC9-C1638B087961}.Debug|Any CPU.Build.0 = Debug|Any CPU
		{17004285-4088-427A-BCC9-C1638B087961}.Release|Any CPU.ActiveCfg = Release|Any CPU
		{17004285-4088-427A-BCC9-C1638B087961}.Release|Any CPU.Build.0 = Release|Any CPU
		{7F6AE2F0-E6A9-4453-8C99-CEF50C68618E}.Debug|Any CPU.ActiveCfg = Debug|Any CPU
		{7F6AE2F0-E6A9-4453-8C99-CEF50C68618E}.Debug|Any CPU.Build.0 = Debug|Any CPU
		{7F6AE2F0-E6A9-4453-8C99-CEF50C68618E}.Release|Any CPU.ActiveCfg = Release|Any CPU
		{7F6AE2F0-E6A9-4453-8C99-CEF50C68618E}.Release|Any CPU.Build.0 = Release|Any CPU
	EndGlobalSection
EndGlobal
